{
  "name": "@fozikio/tools-vitals",
  "version": "0.1.3",
  "lockfileVersion": 3,
  "requires": true,
  "packages": {
    "": {
      "name": "@fozikio/tools-vitals",
      "version": "0.1.3",
      "license": "MIT",
      "devDependencies": {
        "cortex-engine": "file:../cortex-engine",
        "typescript": "^5.7.0"
      },
      "engines": {
        "node": ">=20"
      },
      "peerDependencies": {
        "cortex-engine": ">=0.1.0"
      }
    },
    "../cortex-engine": {
      "version": "0.1.0",
      "dev": true,
      "license": "MIT",
      "dependencies": {
        "@modelcontextprotocol/sdk": "^1.6.1",
        "better-sqlite3": "^11.7.0",
        "yaml": "^2.7.0"
      },
      "bin": {
        "cortex-engine": "dist/bin/serve.js",
        "cortex-kit": "dist/bin/cli.js"
      },
      "devDependencies": {
        "@anthropic-ai/sdk": "^0.39.0",
        "@google-cloud/aiplatform": "^3.12.0",
        "@google-cloud/firestore": "^7.11.0",
        "@google-cloud/vertexai": "^1.9.0",
        "@types/better-sqlite3": "^7.6.12",
        "@types/node": "^22.10.0",
        "firebase-admin": "^13.0.0",
        "openai": "^4.77.0",
        "typescript": "^5.7.0",
        "vitest": "^3.0.0"
      },
      "engines": {
        "node": ">=20"
      },
      "peerDependencies": {
        "@anthropic-ai/sdk": "^0.39.0",
        "@google-cloud/aiplatform": "^3.12.0",
        "@google-cloud/firestore": "^7.11.0",
        "@google-cloud/vertexai": "^1.9.0",
        "firebase-admin": "^13.0.0",
        "openai": "^4.77.0"
      },
      "peerDependenciesMeta": {
        "@anthropic-ai/sdk": {
          "optional": true
        },
        "@google-cloud/aiplatform": {
          "optional": true
        },
        "@google-cloud/firestore": {
          "optional": true
        },
        "@google-cloud/vertexai": {
          "optional": true
        },
        "firebase-admin": {
          "optional": true
        },
        "openai": {
          "optional": true
        }
      }
    },
    "node_modules/cortex-engine": {
      "resolved": "../cortex-engine",
      "link": true
    },
    "node_modules/typescript": {
      "version": "5.9.3",
      "resolved": "https://registry.npmjs.org/typescript/-/typescript-5.9.3.tgz",
      "integrity": "sha512-jl1vZzPDinLr9eUt3J/t7V6FgNEw9QjvBPdysz9KfQDD41fQrC2Y4vKQdiaUpFT4bXlb1RHhLpp8wtm6M5TgSw==",
      "dev": true,
      "license": "Apache-2.0",
      "bin": {
        "tsc": "bin/tsc",
        "tsserver": "bin/tsserver"
      },
      "engines": {
        "node": ">=14.17"
      }
    }
  }
}
